
Microsoft Visual Studio Solution File, Format Version 12.00
# Visual Studio Version 16
VisualStudioVersion = 16.0.31624.102
MinimumVisualStudioVersion = 10.0.40219.1
Project("{9A19103F-16F7-4668-BE54-9A1E7A4F7556}") = "TcmbImplementationStudy", "TcmbImplementationStudy.csproj", "{AA5B952A-0A21-458D-9BB4-2262AFE5F257}"
EndProject
Global
	GlobalSection(SolutionConfigurationPlatforms) = preSolution
		Debug|Any CPU = Debug|Any CPU
		Release|Any CPU = Release|Any CPU
	EndGlobalSection
	GlobalSection(ProjectConfigurationPlatforms) = postSolution
		{AA5B952A-0A21-458D-9BB4-2262AFE5F257}.Debug|Any CPU.ActiveCfg = Debug|Any CPU
		{AA5B952A-0A21-458D-9BB4-2262AFE5F257}.Debug|Any CPU.Build.0 = Debug|Any CPU
		{AA5B952A-0A21-458D-9BB4-2262AFE5F257}.Release|Any CPU.ActiveCfg = Release|Any CPU
		{AA5B952A-0A21-458D-9BB4-2262AFE5F257}.Release|Any CPU.Build.0 = Release|Any CPU
	EndGlobalSection
	GlobalSection(SolutionProperties) = preSolution
		HideSolutionNode = FALSE
	EndGlobalSection
	GlobalSection(ExtensibilityGlobals) = postSolution
		SolutionGuid = {285891E0-9ADA-4DF7-BC46-079856D8D4C0}
	EndGlobalSection
EndGlobal
